
Microsoft Visual Studio Solution File, Format Version 12.00
# Visual Studio Version 16
VisualStudioVersion = 16.0.29519.87
MinimumVisualStudioVersion = 10.0.40219.1
Project("{888888A0-9F3D-457C-B088-3A5042F75D52}") = "py_ie_proxy_change", "py_ie_proxy_change\py_ie_proxy_change.pyproj", "{34D81DFA-1261-4F74-8A38-054B4E2D472D}"
EndProject
Global
	GlobalSection(SolutionConfigurationPlatforms) = preSolution
		Debug|Any CPU = Debug|Any CPU
		Release|Any CPU = Release|Any CPU
	EndGlobalSection
	GlobalSection(ProjectConfigurationPlatforms) = postSolution
		{34D81DFA-1261-4F74-8A38-054B4E2D472D}.Debug|Any CPU.ActiveCfg = Debug|Any CPU
		{34D81DFA-1261-4F74-8A38-054B4E2D472D}.Release|Any CPU.ActiveCfg = Release|Any CPU
	EndGlobalSection
	GlobalSection(SolutionProperties) = preSolution
		HideSolutionNode = FALSE
	EndGlobalSection
	GlobalSection(ExtensibilityGlobals) = postSolution
		SolutionGuid = {4BE78E43-3253-4BB6-AF13-0801107EFBBD}
	EndGlobalSection
EndGlobal
